
Microsoft Visual Studio Solution File, Format Version 12.00
# Visual Studio 14
VisualStudioVersion = 14.0.23107.0
MinimumVisualStudioVersion = 10.0.40219.1
Project("{FAE04EC0-301F-11D3-BF4B-00C04F79EFBC}") = "mybranch", "mybranch\mybranch.csproj", "{F8768EDD-F94B-4D4A-BDDD-17E53CD36EAF}"
EndProject
Global
	GlobalSection(SolutionConfigurationPlatforms) = preSolution
		Debug|Any CPU = Debug|Any CPU
		Release|Any CPU = Release|Any CPU
	EndGlobalSection
	GlobalSection(ProjectConfigurationPlatforms) = postSolution
		{F8768EDD-F94B-4D4A-BDDD-17E53CD36EAF}.Debug|Any CPU.ActiveCfg = Debug|Any CPU
		{F8768EDD-F94B-4D4A-BDDD-17E53CD36EAF}.Debug|Any CPU.Build.0 = Debug|Any CPU
		{F8768EDD-F94B-4D4A-BDDD-17E53CD36EAF}.Release|Any CPU.ActiveCfg = Release|Any CPU
		{F8768EDD-F94B-4D4A-BDDD-17E53CD36EAF}.Release|Any CPU.Build.0 = Release|Any CPU
	EndGlobalSection
	GlobalSection(SolutionProperties) = preSolution
		HideSolutionNode = FALSE
	EndGlobalSection
EndGlobal
